
Microsoft Visual Studio Solution File, Format Version 12.00
# Visual Studio Version 17
VisualStudioVersion = 17.4.33122.133
MinimumVisualStudioVersion = 10.0.40219.1
Project("{FAE04EC0-301F-11D3-BF4B-00C04F79EFBC}") = "AspLesson10.3", "AspLesson10.3\AspLesson10.3.csproj", "{523BF846-0249-45B9-9726-620657161EE9}"
EndProject
Global
	GlobalSection(SolutionConfigurationPlatforms) = preSolution
		Debug|Any CPU = Debug|Any CPU
		Release|Any CPU = Release|Any CPU
	EndGlobalSection
	GlobalSection(ProjectConfigurationPlatforms) = postSolution
		{523BF846-0249-45B9-9726-620657161EE9}.Debug|Any CPU.ActiveCfg = Debug|Any CPU
		{523BF846-0249-45B9-9726-620657161EE9}.Debug|Any CPU.Build.0 = Debug|Any CPU
		{523BF846-0249-45B9-9726-620657161EE9}.Release|Any CPU.ActiveCfg = Release|Any CPU
		{523BF846-0249-45B9-9726-620657161EE9}.Release|Any CPU.Build.0 = Release|Any CPU
	EndGlobalSection
	GlobalSection(SolutionProperties) = preSolution
		HideSolutionNode = FALSE
	EndGlobalSection
	GlobalSection(ExtensibilityGlobals) = postSolution
		SolutionGuid = {AD01475F-0F97-4252-866E-24ADECC07003}
	EndGlobalSection
EndGlobal
